
Microsoft Visual Studio Solution File, Format Version 12.00
# Visual Studio Version 17
VisualStudioVersion = 17.2.32602.215
MinimumVisualStudioVersion = 10.0.40219.1
Project("{FAE04EC0-301F-11D3-BF4B-00C04F79EFBC}") = "Server", "Server.csproj", "{B39B1624-45AE-4A5D-82AF-5157246CD72C}"
EndProject
Project("{FAE04EC0-301F-11D3-BF4B-00C04F79EFBC}") = "Tests", "..\Tests\Tests.csproj", "{CDD5DE1D-14BF-4A8F-BD75-74E491F5FF34}"
EndProject
Global
	GlobalSection(SolutionConfigurationPlatforms) = preSolution
		Debug|Any CPU = Debug|Any CPU
		Release|Any CPU = Release|Any CPU
	EndGlobalSection
	GlobalSection(ProjectConfigurationPlatforms) = postSolution
		{B39B1624-45AE-4A5D-82AF-5157246CD72C}.Debug|Any CPU.ActiveCfg = Debug|Any CPU
		{B39B1624-45AE-4A5D-82AF-5157246CD72C}.Debug|Any CPU.Build.0 = Debug|Any CPU
		{B39B1624-45AE-4A5D-82AF-5157246CD72C}.Release|Any CPU.ActiveCfg = Release|Any CPU
		{B39B1624-45AE-4A5D-82AF-5157246CD72C}.Release|Any CPU.Build.0 = Release|Any CPU
		{CDD5DE1D-14BF-4A8F-BD75-74E491F5FF34}.Debug|Any CPU.ActiveCfg = Debug|Any CPU
		{CDD5DE1D-14BF-4A8F-BD75-74E491F5FF34}.Debug|Any CPU.Build.0 = Debug|Any CPU
		{CDD5DE1D-14BF-4A8F-BD75-74E491F5FF34}.Release|Any CPU.ActiveCfg = Release|Any CPU
		{CDD5DE1D-14BF-4A8F-BD75-74E491F5FF34}.Release|Any CPU.Build.0 = Release|Any CPU
	EndGlobalSection
	GlobalSection(SolutionProperties) = preSolution
		HideSolutionNode = FALSE
	EndGlobalSection
	GlobalSection(ExtensibilityGlobals) = postSolution
		SolutionGuid = {58FE38F9-8F1D-49B8-9CAF-32D4A4D2C920}
	EndGlobalSection
EndGlobal
